
Microsoft Visual Studio Solution File, Format Version 12.00
# Visual Studio 15
VisualStudioVersion = 15.0.27130.2024
MinimumVisualStudioVersion = 10.0.40219.1
Project("{FAE04EC0-301F-11D3-BF4B-00C04F79EFBC}") = "Stacks And Queues_Exercises", "Stacks And Queues_Exercises\Stacks And Queues_Exercises.csproj", "{2A3F3C7B-BC2F-4E2C-BBDD-A0F6192C6BBE}"
EndProject
Global
	GlobalSection(SolutionConfigurationPlatforms) = preSolution
		Debug|Any CPU = Debug|Any CPU
		Release|Any CPU = Release|Any CPU
	EndGlobalSection
	GlobalSection(ProjectConfigurationPlatforms) = postSolution
		{2A3F3C7B-BC2F-4E2C-BBDD-A0F6192C6BBE}.Debug|Any CPU.ActiveCfg = Debug|Any CPU
		{2A3F3C7B-BC2F-4E2C-BBDD-A0F6192C6BBE}.Debug|Any CPU.Build.0 = Debug|Any CPU
		{2A3F3C7B-BC2F-4E2C-BBDD-A0F6192C6BBE}.Release|Any CPU.ActiveCfg = Release|Any CPU
		{2A3F3C7B-BC2F-4E2C-BBDD-A0F6192C6BBE}.Release|Any CPU.Build.0 = Release|Any CPU
	EndGlobalSection
	GlobalSection(SolutionProperties) = preSolution
		HideSolutionNode = FALSE
	EndGlobalSection
	GlobalSection(ExtensibilityGlobals) = postSolution
		SolutionGuid = {D067910B-A001-462A-81C8-2902AEDA4855}
	EndGlobalSection
EndGlobal
