
Microsoft Visual Studio Solution File, Format Version 12.00
# Visual Studio 15
VisualStudioVersion = 15.0.27004.2005
MinimumVisualStudioVersion = 10.0.40219.1
Project("{FAE04EC0-301F-11D3-BF4B-00C04F79EFBC}") = "P02_DatabaseFirst", "EntityFrameworkExercises\P02_DatabaseFirst.csproj", "{2E83499A-FC39-4F27-8346-81B105C1BD3A}"
EndProject
Global
	GlobalSection(SolutionConfigurationPlatforms) = preSolution
		Debug|Any CPU = Debug|Any CPU
		Release|Any CPU = Release|Any CPU
	EndGlobalSection
	GlobalSection(ProjectConfigurationPlatforms) = postSolution
		{2E83499A-FC39-4F27-8346-81B105C1BD3A}.Debug|Any CPU.ActiveCfg = Debug|Any CPU
		{2E83499A-FC39-4F27-8346-81B105C1BD3A}.Debug|Any CPU.Build.0 = Debug|Any CPU
		{2E83499A-FC39-4F27-8346-81B105C1BD3A}.Release|Any CPU.ActiveCfg = Release|Any CPU
		{2E83499A-FC39-4F27-8346-81B105C1BD3A}.Release|Any CPU.Build.0 = Release|Any CPU
	EndGlobalSection
	GlobalSection(SolutionProperties) = preSolution
		HideSolutionNode = FALSE
	EndGlobalSection
	GlobalSection(ExtensibilityGlobals) = postSolution
		SolutionGuid = {8FD6FF9F-5F4A-4FEB-8883-57906CADE8C4}
	EndGlobalSection
EndGlobal
