
Microsoft Visual Studio Solution File, Format Version 12.00
# Visual Studio 15
VisualStudioVersion = 15.0.27130.2026
MinimumVisualStudioVersion = 10.0.40219.1
Project("{9A19103F-16F7-4668-BE54-9A1E7A4F7556}") = "Ex. 1 - BankAccount", "BankAccount\Ex. 1 - BankAccount.csproj", "{FFF42F1B-860C-4091-834C-D00D5C2DF81F}"
EndProject
Project("{FAE04EC0-301F-11D3-BF4B-00C04F79EFBC}") = "Ex. 2 - Bank Account Methods", "Ex. 2 - Bank Account Methods\Ex. 2 - Bank Account Methods.csproj", "{C8A2D7ED-4AD3-4DF5-956C-A7CBF2014B07}"
EndProject
Project("{FAE04EC0-301F-11D3-BF4B-00C04F79EFBC}") = "Ex. 3 - Test Client", "Ex. 3 - Test Client\Ex. 3 - Test Client.csproj", "{6597C365-095B-4A9E-BAB2-952A548EDF60}"
EndProject
Project("{FAE04EC0-301F-11D3-BF4B-00C04F79EFBC}") = "Ex. 4 - Person Class", "Ex. 4 - Person Class\Ex. 4 - Person Class.csproj", "{9AD0C7FB-E96F-461A-973D-79B8A27DFE4E}"
EndProject
Global
	GlobalSection(SolutionConfigurationPlatforms) = preSolution
		Debug|Any CPU = Debug|Any CPU
		Release|Any CPU = Release|Any CPU
	EndGlobalSection
	GlobalSection(ProjectConfigurationPlatforms) = postSolution
		{FFF42F1B-860C-4091-834C-D00D5C2DF81F}.Debug|Any CPU.ActiveCfg = Debug|Any CPU
		{FFF42F1B-860C-4091-834C-D00D5C2DF81F}.Debug|Any CPU.Build.0 = Debug|Any CPU
		{FFF42F1B-860C-4091-834C-D00D5C2DF81F}.Release|Any CPU.ActiveCfg = Release|Any CPU
		{FFF42F1B-860C-4091-834C-D00D5C2DF81F}.Release|Any CPU.Build.0 = Release|Any CPU
		{C8A2D7ED-4AD3-4DF5-956C-A7CBF2014B07}.Debug|Any CPU.ActiveCfg = Debug|Any CPU
		{C8A2D7ED-4AD3-4DF5-956C-A7CBF2014B07}.Debug|Any CPU.Build.0 = Debug|Any CPU
		{C8A2D7ED-4AD3-4DF5-956C-A7CBF2014B07}.Release|Any CPU.ActiveCfg = Release|Any CPU
		{C8A2D7ED-4AD3-4DF5-956C-A7CBF2014B07}.Release|Any CPU.Build.0 = Release|Any CPU
		{6597C365-095B-4A9E-BAB2-952A548EDF60}.Debug|Any CPU.ActiveCfg = Debug|Any CPU
		{6597C365-095B-4A9E-BAB2-952A548EDF60}.Debug|Any CPU.Build.0 = Debug|Any CPU
		{6597C365-095B-4A9E-BAB2-952A548EDF60}.Release|Any CPU.ActiveCfg = Release|Any CPU
		{6597C365-095B-4A9E-BAB2-952A548EDF60}.Release|Any CPU.Build.0 = Release|Any CPU
		{9AD0C7FB-E96F-461A-973D-79B8A27DFE4E}.Debug|Any CPU.ActiveCfg = Debug|Any CPU
		{9AD0C7FB-E96F-461A-973D-79B8A27DFE4E}.Debug|Any CPU.Build.0 = Debug|Any CPU
		{9AD0C7FB-E96F-461A-973D-79B8A27DFE4E}.Release|Any CPU.ActiveCfg = Release|Any CPU
		{9AD0C7FB-E96F-461A-973D-79B8A27DFE4E}.Release|Any CPU.Build.0 = Release|Any CPU
	EndGlobalSection
	GlobalSection(SolutionProperties) = preSolution
		HideSolutionNode = FALSE
	EndGlobalSection
	GlobalSection(ExtensibilityGlobals) = postSolution
		SolutionGuid = {0FADE199-44AE-4211-8B87-2128BD03EE5E}
	EndGlobalSection
EndGlobal
