
Microsoft Visual Studio Solution File, Format Version 12.00
# Visual Studio 15
VisualStudioVersion = 15.0.27130.2026
MinimumVisualStudioVersion = 10.0.40219.1
Project("{FAE04EC0-301F-11D3-BF4B-00C04F79EFBC}") = "Functional Programming_Exer", "Functional Programming_Exer\Functional Programming_Exer.csproj", "{806EAA6E-A2BD-4E67-A12D-B2394251988A}"
EndProject
Global
	GlobalSection(SolutionConfigurationPlatforms) = preSolution
		Debug|Any CPU = Debug|Any CPU
		Release|Any CPU = Release|Any CPU
	EndGlobalSection
	GlobalSection(ProjectConfigurationPlatforms) = postSolution
		{806EAA6E-A2BD-4E67-A12D-B2394251988A}.Debug|Any CPU.ActiveCfg = Debug|Any CPU
		{806EAA6E-A2BD-4E67-A12D-B2394251988A}.Debug|Any CPU.Build.0 = Debug|Any CPU
		{806EAA6E-A2BD-4E67-A12D-B2394251988A}.Release|Any CPU.ActiveCfg = Release|Any CPU
		{806EAA6E-A2BD-4E67-A12D-B2394251988A}.Release|Any CPU.Build.0 = Release|Any CPU
	EndGlobalSection
	GlobalSection(SolutionProperties) = preSolution
		HideSolutionNode = FALSE
	EndGlobalSection
	GlobalSection(ExtensibilityGlobals) = postSolution
		SolutionGuid = {FD0FF692-1EB2-4E9C-8394-B01E6D4182C0}
	EndGlobalSection
EndGlobal
