
Microsoft Visual Studio Solution File, Format Version 12.00
# Visual Studio 15
VisualStudioVersion = 15.0.26730.3
MinimumVisualStudioVersion = 10.0.40219.1
Project("{FAE04EC0-301F-11D3-BF4B-00C04F79EFBC}") = "Ex. 1 - Generic Box", "Ex. 1 - Generic Box\Ex. 1 - Generic Box.csproj", "{4808619D-84BF-481D-8AE4-E03D8936354F}"
EndProject
Project("{FAE04EC0-301F-11D3-BF4B-00C04F79EFBC}") = "Ex. 2 - Generic Swap", "Ex. 2 - Generic Swap\Ex. 2 - Generic Swap.csproj", "{189BBC5D-D56E-4632-AAF9-C7B05002EBD3}"
EndProject
Project("{FAE04EC0-301F-11D3-BF4B-00C04F79EFBC}") = "Ex. 3 - Generic Count", "Ex. 3 - Generic Count\Ex. 3 - Generic Count.csproj", "{F94ACDEF-757C-48CC-85E0-47B46DDE0CD0}"
EndProject
Project("{FAE04EC0-301F-11D3-BF4B-00C04F79EFBC}") = "Ex. 4 - Custom List", "Ex. 4 - Custom List\Ex. 4 - Custom List.csproj", "{0CB30800-F6C4-4D0B-BA29-AA680F99CCD2}"
EndProject
Project("{FAE04EC0-301F-11D3-BF4B-00C04F79EFBC}") = "Ex. 5 - Tuple", "Ex. 5 - Tuple\Ex. 5 - Tuple.csproj", "{B4E263A5-2F83-4CAB-8BDE-9CB89A1F1A87}"
EndProject
Project("{FAE04EC0-301F-11D3-BF4B-00C04F79EFBC}") = "Ex. 6 - Threeuple", "Ex. 6 - Threeuple\Ex. 6 - Threeuple.csproj", "{53909F8D-9627-40EA-B05C-F9B447201A1B}"
EndProject
Global
	GlobalSection(SolutionConfigurationPlatforms) = preSolution
		Debug|Any CPU = Debug|Any CPU
		Release|Any CPU = Release|Any CPU
	EndGlobalSection
	GlobalSection(ProjectConfigurationPlatforms) = postSolution
		{4808619D-84BF-481D-8AE4-E03D8936354F}.Debug|Any CPU.ActiveCfg = Debug|Any CPU
		{4808619D-84BF-481D-8AE4-E03D8936354F}.Debug|Any CPU.Build.0 = Debug|Any CPU
		{4808619D-84BF-481D-8AE4-E03D8936354F}.Release|Any CPU.ActiveCfg = Release|Any CPU
		{4808619D-84BF-481D-8AE4-E03D8936354F}.Release|Any CPU.Build.0 = Release|Any CPU
		{189BBC5D-D56E-4632-AAF9-C7B05002EBD3}.Debug|Any CPU.ActiveCfg = Debug|Any CPU
		{189BBC5D-D56E-4632-AAF9-C7B05002EBD3}.Debug|Any CPU.Build.0 = Debug|Any CPU
		{189BBC5D-D56E-4632-AAF9-C7B05002EBD3}.Release|Any CPU.ActiveCfg = Release|Any CPU
		{189BBC5D-D56E-4632-AAF9-C7B05002EBD3}.Release|Any CPU.Build.0 = Release|Any CPU
		{F94ACDEF-757C-48CC-85E0-47B46DDE0CD0}.Debug|Any CPU.ActiveCfg = Debug|Any CPU
		{F94ACDEF-757C-48CC-85E0-47B46DDE0CD0}.Debug|Any CPU.Build.0 = Debug|Any CPU
		{F94ACDEF-757C-48CC-85E0-47B46DDE0CD0}.Release|Any CPU.ActiveCfg = Release|Any CPU
		{F94ACDEF-757C-48CC-85E0-47B46DDE0CD0}.Release|Any CPU.Build.0 = Release|Any CPU
		{0CB30800-F6C4-4D0B-BA29-AA680F99CCD2}.Debug|Any CPU.ActiveCfg = Debug|Any CPU
		{0CB30800-F6C4-4D0B-BA29-AA680F99CCD2}.Debug|Any CPU.Build.0 = Debug|Any CPU
		{0CB30800-F6C4-4D0B-BA29-AA680F99CCD2}.Release|Any CPU.ActiveCfg = Release|Any CPU
		{0CB30800-F6C4-4D0B-BA29-AA680F99CCD2}.Release|Any CPU.Build.0 = Release|Any CPU
		{B4E263A5-2F83-4CAB-8BDE-9CB89A1F1A87}.Debug|Any CPU.ActiveCfg = Debug|Any CPU
		{B4E263A5-2F83-4CAB-8BDE-9CB89A1F1A87}.Debug|Any CPU.Build.0 = Debug|Any CPU
		{B4E263A5-2F83-4CAB-8BDE-9CB89A1F1A87}.Release|Any CPU.ActiveCfg = Release|Any CPU
		{B4E263A5-2F83-4CAB-8BDE-9CB89A1F1A87}.Release|Any CPU.Build.0 = Release|Any CPU
		{53909F8D-9627-40EA-B05C-F9B447201A1B}.Debug|Any CPU.ActiveCfg = Debug|Any CPU
		{53909F8D-9627-40EA-B05C-F9B447201A1B}.Debug|Any CPU.Build.0 = Debug|Any CPU
		{53909F8D-9627-40EA-B05C-F9B447201A1B}.Release|Any CPU.ActiveCfg = Release|Any CPU
		{53909F8D-9627-40EA-B05C-F9B447201A1B}.Release|Any CPU.Build.0 = Release|Any CPU
	EndGlobalSection
	GlobalSection(SolutionProperties) = preSolution
		HideSolutionNode = FALSE
	EndGlobalSection
	GlobalSection(ExtensibilityGlobals) = postSolution
		SolutionGuid = {6DDD77A0-B2C7-4F34-9919-FEE1503D632A}
	EndGlobalSection
EndGlobal
